// !$*UTF8*$!
{
	archiveVersion = 1;
	classes = {
	};
	objectVersion = 71;
	objects = {

/* Begin PBXBuildFile section */
		7A1705C626E45DCE0009643F /* EventHandlerClientLive in Frameworks */ = {isa = PBXBuildFile; productRef = 7A1705C526E45DCE0009643F /* EventHandlerClientLive */; };
		7AB2E51826E456250044665E /* UserInterface in Frameworks */ = {isa = PBXBuildFile; productRef = 7AB2E51726E456250044665E /* UserInterface */; };
		7AB2E51A26E457C50044665E /* AccessibilityClientLive in Frameworks */ = {isa = PBXBuildFile; productRef = 7AB2E51926E457C50044665E /* AccessibilityClientLive */; };
/* End PBXBuildFile section */

/* Begin PBXFileReference section */
		CD3978AE24AD1FE100BFCB0D /* Keyb.app */ = {isa = PBXFileReference; explicitFileType = wrapper.application; includeInIndex = 0; path = Keyb.app; sourceTree = BUILT_PRODUCTS_DIR; };
		CD7B2C0026C7104400BC77BB /* Packages */ = {isa = PBXFileReference; lastKnownFileType = folder; path = Packages; sourceTree = "<group>"; };
/* End PBXFileReference section */

/* Begin PBXFileSystemSynchronizedBuildFileExceptionSet section */
		7AF29D532ED2C94E00A634C3 /* PBXFileSystemSynchronizedBuildFileExceptionSet */ = {
			isa = PBXFileSystemSynchronizedBuildFileExceptionSet;
			membershipExceptions = (
				KeybApp.swift,
				Resources/Assets.xcassets,
				Resources/Icon.icon,
			);
			target = CD3978AD24AD1FE100BFCB0D /* Keyb */;
		};
/* End PBXFileSystemSynchronizedBuildFileExceptionSet section */

/* Begin PBXFileSystemSynchronizedRootGroup section */
		7AF29D502ED2C94E00A634C3 /* Keyb */ = {isa = PBXFileSystemSynchronizedRootGroup; exceptions = (7AF29D532ED2C94E00A634C3 /* PBXFileSystemSynchronizedBuildFileExceptionSet */, ); explicitFileTypes = {}; explicitFolders = (); path = Keyb; sourceTree = "<group>"; };
/* End PBXFileSystemSynchronizedRootGroup section */

/* Begin PBXFrameworksBuildPhase section */
		CD3978AB24AD1FE100BFCB0D /* Frameworks */ = {
			isa = PBXFrameworksBuildPhase;
			buildActionMask = 2147483647;
			files = (
				7AB2E51A26E457C50044665E /* AccessibilityClientLive in Frameworks */,
				7A1705C626E45DCE0009643F /* EventHandlerClientLive in Frameworks */,
				7AB2E51826E456250044665E /* UserInterface in Frameworks */,
			);
			runOnlyForDeploymentPostprocessing = 0;
		};
/* End PBXFrameworksBuildPhase section */

/* Begin PBXGroup section */
		CD3978A524AD1FE100BFCB0D = {
			isa = PBXGroup;
			children = (
				CD7B2C0026C7104400BC77BB /* Packages */,
				7AF29D502ED2C94E00A634C3 /* Keyb */,
				CD3978AF24AD1FE100BFCB0D /* Products */,
				CD7B2C0126C7221A00BC77BB /* Frameworks */,
			);
			sourceTree = "<group>";
		};
		CD3978AF24AD1FE100BFCB0D /* Products */ = {
			isa = PBXGroup;
			children = (
				CD3978AE24AD1FE100BFCB0D /* Keyb.app */,
			);
			name = Products;
			sourceTree = "<group>";
		};
		CD7B2C0126C7221A00BC77BB /* Frameworks */ = {
			isa = PBXGroup;
			children = (
			);
			name = Frameworks;
			sourceTree = "<group>";
		};
/* End PBXGroup section */

/* Begin PBXNativeTarget section */
		CD3978AD24AD1FE100BFCB0D /* Keyb */ = {
			isa = PBXNativeTarget;
			buildConfigurationList = CD3978BE24AD1FE100BFCB0D /* Build configuration list for PBXNativeTarget "Keyb" */;
			buildPhases = (
				7AEDA2792ED2BC4500C80C02 /* Check Dev Environment for Common Errors */,
				CD4CAA772510F53E0002D69B /* Build Number */,
				CD3978AA24AD1FE100BFCB0D /* Sources */,
				CD3978AB24AD1FE100BFCB0D /* Frameworks */,
				CD3978AC24AD1FE100BFCB0D /* Resources */,
			);
			buildRules = (
			);
			dependencies = (
			);
			name = Keyb;
			packageProductDependencies = (
				7AB2E51726E456250044665E /* UserInterface */,
				7AB2E51926E457C50044665E /* AccessibilityClientLive */,
				7A1705C526E45DCE0009643F /* EventHandlerClientLive */,
			);
			productName = Keyb;
			productReference = CD3978AE24AD1FE100BFCB0D /* Keyb.app */;
			productType = "com.apple.product-type.application";
		};
/* End PBXNativeTarget section */

/* Begin PBXProject section */
		CD3978A624AD1FE100BFCB0D /* Project object */ = {
			isa = PBXProject;
			attributes = {
				BuildIndependentTargetsInParallel = YES;
				LastSwiftUpdateCheck = 1200;
				LastUpgradeCheck = 1500;
				TargetAttributes = {
					CD3978AD24AD1FE100BFCB0D = {
						CreatedOnToolsVersion = 12.0;
						LastSwiftMigration = 1160;
					};
				};
			};
			buildConfigurationList = CD3978A924AD1FE100BFCB0D /* Build configuration list for PBXProject "Keyb" */;
			compatibilityVersion = "Xcode 9.3";
			developmentRegion = en;
			hasScannedForEncodings = 0;
			knownRegions = (
				en,
				Base,
			);
			mainGroup = CD3978A524AD1FE100BFCB0D;
			productRefGroup = CD3978AF24AD1FE100BFCB0D /* Products */;
			projectDirPath = "";
			projectRoot = "";
			targets = (
				CD3978AD24AD1FE100BFCB0D /* Keyb */,
			);
		};
/* End PBXProject section */

/* Begin PBXResourcesBuildPhase section */
		CD3978AC24AD1FE100BFCB0D /* Resources */ = {
			isa = PBXResourcesBuildPhase;
			buildActionMask = 2147483647;
			files = (
			);
			runOnlyForDeploymentPostprocessing = 0;
		};
/* End PBXResourcesBuildPhase section */

/* Begin PBXShellScriptBuildPhase section */
		7AEDA2792ED2BC4500C80C02 /* Check Dev Environment for Common Errors */ = {
			isa = PBXShellScriptBuildPhase;
			alwaysOutOfDate = 1;
			buildActionMask = 2147483647;
			files = (
			);
			inputFileListPaths = (
			);
			inputPaths = (
			);
			name = "Check Dev Environment for Common Errors";
			outputFileListPaths = (
			);
			outputPaths = (
			);
			runOnlyForDeploymentPostprocessing = 0;
			shellPath = /bin/sh;
			shellScript = "\"${SRCROOT}/Scripts/environment-check.sh\"\n";
		};
		CD4CAA772510F53E0002D69B /* Build Number */ = {
			isa = PBXShellScriptBuildPhase;
			buildActionMask = 2147483647;
			files = (
			);
			inputFileListPaths = (
			);
			inputPaths = (
			);
			name = "Build Number";
			outputFileListPaths = (
			);
			outputPaths = (
				Keyb/Resources/xcconfig/BuildNumber.xcconfig,
			);
			runOnlyForDeploymentPostprocessing = 0;
			shellPath = /bin/sh;
			shellScript = "if [ $ENABLE_PREVIEWS == \"NO\" ]; then\n  export PATH=\"$PATH:/opt/homebrew/bin\"\n  mise x -- ruby \"$SRCROOT/Keyb/Scripts/buildnumber.rb\"\nelse\n  echo \"Skipping build number because of preview mode\"\nfi\n";
		};
/* End PBXShellScriptBuildPhase section */

/* Begin PBXSourcesBuildPhase section */
		CD3978AA24AD1FE100BFCB0D /* Sources */ = {
			isa = PBXSourcesBuildPhase;
			buildActionMask = 2147483647;
			files = (
			);
			runOnlyForDeploymentPostprocessing = 0;
		};
/* End PBXSourcesBuildPhase section */

/* Begin XCBuildConfiguration section */
		CD3978BC24AD1FE100BFCB0D /* Debug */ = {
			isa = XCBuildConfiguration;
			baseConfigurationReferenceAnchor = 7AF29D502ED2C94E00A634C3 /* Keyb */;
			baseConfigurationReferenceRelativePath = Resources/xcconfig/Global.xcconfig;
			buildSettings = {
				ALWAYS_SEARCH_USER_PATHS = NO;
				CLANG_ANALYZER_NONNULL = YES;
				CLANG_ANALYZER_NUMBER_OBJECT_CONVERSION = YES_AGGRESSIVE;
				CLANG_CXX_LANGUAGE_STANDARD = "gnu++14";
				CLANG_CXX_LIBRARY = "libc++";
				CLANG_ENABLE_MODULES = YES;
				CLANG_ENABLE_OBJC_ARC = YES;
				CLANG_ENABLE_OBJC_WEAK = YES;
				CLANG_WARN_BLOCK_CAPTURE_AUTORELEASING = YES;
				CLANG_WARN_BOOL_CONVERSION = YES;
				CLANG_WARN_COMMA = YES;
				CLANG_WARN_CONSTANT_CONVERSION = YES;
				CLANG_WARN_DEPRECATED_OBJC_IMPLEMENTATIONS = YES;
				CLANG_WARN_DIRECT_OBJC_ISA_USAGE = YES_ERROR;
				CLANG_WARN_DOCUMENTATION_COMMENTS = YES;
				CLANG_WARN_EMPTY_BODY = YES;
				CLANG_WARN_ENUM_CONVERSION = YES;
				CLANG_WARN_INFINITE_RECURSION = YES;
				CLANG_WARN_INT_CONVERSION = YES;
				CLANG_WARN_NON_LITERAL_NULL_CONVERSION = YES;
				CLANG_WARN_OBJC_IMPLICIT_RETAIN_SELF = YES;
				CLANG_WARN_OBJC_LITERAL_CONVERSION = YES;
				CLANG_WARN_OBJC_ROOT_CLASS = YES_ERROR;
				CLANG_WARN_QUOTED_INCLUDE_IN_FRAMEWORK_HEADER = YES;
				CLANG_WARN_RANGE_LOOP_ANALYSIS = YES;
				CLANG_WARN_STRICT_PROTOTYPES = YES;
				CLANG_WARN_SUSPICIOUS_MOVE = YES;
				CLANG_WARN_UNGUARDED_AVAILABILITY = YES_AGGRESSIVE;
				CLANG_WARN_UNREACHABLE_CODE = YES;
				CLANG_WARN__DUPLICATE_METHOD_MATCH = YES;
				COPY_PHASE_STRIP = NO;
				DEAD_CODE_STRIPPING = YES;
				DEBUG_INFORMATION_FORMAT = dwarf;
				ENABLE_STRICT_OBJC_MSGSEND = YES;
				ENABLE_TESTABILITY = YES;
				GCC_C_LANGUAGE_STANDARD = gnu11;
				GCC_DYNAMIC_NO_PIC = NO;
				GCC_NO_COMMON_BLOCKS = YES;
				GCC_OPTIMIZATION_LEVEL = 0;
				GCC_PREPROCESSOR_DEFINITIONS = (
					"DEBUG=1",
					"$(inherited)",
				);
				GCC_WARN_64_TO_32_BIT_CONVERSION = YES;
				GCC_WARN_ABOUT_RETURN_TYPE = YES_ERROR;
				GCC_WARN_UNDECLARED_SELECTOR = YES;
				GCC_WARN_UNINITIALIZED_AUTOS = YES_AGGRESSIVE;
				GCC_WARN_UNUSED_FUNCTION = YES;
				GCC_WARN_UNUSED_VARIABLE = YES;
				MACOSX_DEPLOYMENT_TARGET = 11.0;
				MTL_ENABLE_DEBUG_INFO = INCLUDE_SOURCE;
				MTL_FAST_MATH = YES;
				ONLY_ACTIVE_ARCH = YES;
				SDKROOT = macosx;
				SWIFT_ACTIVE_COMPILATION_CONDITIONS = DEBUG;
				SWIFT_OPTIMIZATION_LEVEL = "-Onone";
				SWIFT_VERSION = 6.0;
			};
			name = Debug;
		};
		CD3978BD24AD1FE100BFCB0D /* Release */ = {
			isa = XCBuildConfiguration;
			baseConfigurationReferenceAnchor = 7AF29D502ED2C94E00A634C3 /* Keyb */;
			baseConfigurationReferenceRelativePath = Resources/xcconfig/Global.xcconfig;
			buildSettings = {
				ALWAYS_SEARCH_USER_PATHS = NO;
				CLANG_ANALYZER_NONNULL = YES;
				CLANG_ANALYZER_NUMBER_OBJECT_CONVERSION = YES_AGGRESSIVE;
				CLANG_CXX_LANGUAGE_STANDARD = "gnu++14";
				CLANG_CXX_LIBRARY = "libc++";
				CLANG_ENABLE_MODULES = YES;
				CLANG_ENABLE_OBJC_ARC = YES;
				CLANG_ENABLE_OBJC_WEAK = YES;
				CLANG_WARN_BLOCK_CAPTURE_AUTORELEASING = YES;
				CLANG_WARN_BOOL_CONVERSION = YES;
				CLANG_WARN_COMMA = YES;
				CLANG_WARN_CONSTANT_CONVERSION = YES;
				CLANG_WARN_DEPRECATED_OBJC_IMPLEMENTATIONS = YES;
				CLANG_WARN_DIRECT_OBJC_ISA_USAGE = YES_ERROR;
				CLANG_WARN_DOCUMENTATION_COMMENTS = YES;
				CLANG_WARN_EMPTY_BODY = YES;
				CLANG_WARN_ENUM_CONVERSION = YES;
				CLANG_WARN_INFINITE_RECURSION = YES;
				CLANG_WARN_INT_CONVERSION = YES;
				CLANG_WARN_NON_LITERAL_NULL_CONVERSION = YES;
				CLANG_WARN_OBJC_IMPLICIT_RETAIN_SELF = YES;
				CLANG_WARN_OBJC_LITERAL_CONVERSION = YES;
				CLANG_WARN_OBJC_ROOT_CLASS = YES_ERROR;
				CLANG_WARN_QUOTED_INCLUDE_IN_FRAMEWORK_HEADER = YES;
				CLANG_WARN_RANGE_LOOP_ANALYSIS = YES;
				CLANG_WARN_STRICT_PROTOTYPES = YES;
				CLANG_WARN_SUSPICIOUS_MOVE = YES;
				CLANG_WARN_UNGUARDED_AVAILABILITY = YES_AGGRESSIVE;
				CLANG_WARN_UNREACHABLE_CODE = YES;
				CLANG_WARN__DUPLICATE_METHOD_MATCH = YES;
				COPY_PHASE_STRIP = NO;
				DEAD_CODE_STRIPPING = YES;
				DEBUG_INFORMATION_FORMAT = "dwarf-with-dsym";
				ENABLE_NS_ASSERTIONS = NO;
				ENABLE_STRICT_OBJC_MSGSEND = YES;
				GCC_C_LANGUAGE_STANDARD = gnu11;
				GCC_NO_COMMON_BLOCKS = YES;
				GCC_WARN_64_TO_32_BIT_CONVERSION = YES;
				GCC_WARN_ABOUT_RETURN_TYPE = YES_ERROR;
				GCC_WARN_UNDECLARED_SELECTOR = YES;
				GCC_WARN_UNINITIALIZED_AUTOS = YES_AGGRESSIVE;
				GCC_WARN_UNUSED_FUNCTION = YES;
				GCC_WARN_UNUSED_VARIABLE = YES;
				MACOSX_DEPLOYMENT_TARGET = 11.0;
				MTL_ENABLE_DEBUG_INFO = NO;
				MTL_FAST_MATH = YES;
				SDKROOT = macosx;
				SWIFT_COMPILATION_MODE = wholemodule;
				SWIFT_OPTIMIZATION_LEVEL = "-O";
				SWIFT_VERSION = 6.0;
			};
			name = Release;
		};
		CD3978BF24AD1FE100BFCB0D /* Debug */ = {
			isa = XCBuildConfiguration;
			buildSettings = {
				ASSETCATALOG_COMPILER_APPICON_NAME = Icon;
				ASSETCATALOG_COMPILER_GLOBAL_ACCENT_COLOR_NAME = AccentColor;
				ASSETCATALOG_COMPILER_INCLUDE_ALL_APPICON_ASSETS = NO;
				CODE_SIGN_ENTITLEMENTS = Keyb/Resources/Keyb.entitlements;
				CODE_SIGN_IDENTITY = "Mac Developer";
				CODE_SIGN_STYLE = Automatic;
				COMBINE_HIDPI_IMAGES = YES;
				CURRENT_PROJECT_VERSION = "${KEYB_BUILD_NUMBER}";
				DEAD_CODE_STRIPPING = YES;
				DEVELOPMENT_TEAM = 2KJHM26Y46;
				ENABLE_HARDENED_RUNTIME = YES;
				INFOPLIST_FILE = Keyb/Resources/Info.plist;
				LD_RUNPATH_SEARCH_PATHS = (
					"$(inherited)",
					"@executable_path/../Frameworks",
				);
				MARKETING_VERSION = "${KEYB_VERSION_NUMBER}";
				PRODUCT_BUNDLE_IDENTIFIER = com.zeveisenberg.Keyb;
				PRODUCT_NAME = "$(TARGET_NAME)";
				PROVISIONING_PROFILE_SPECIFIER = "";
			};
			name = Debug;
		};
		CD3978C024AD1FE100BFCB0D /* Release */ = {
			isa = XCBuildConfiguration;
			buildSettings = {
				ASSETCATALOG_COMPILER_APPICON_NAME = Icon;
				ASSETCATALOG_COMPILER_GLOBAL_ACCENT_COLOR_NAME = AccentColor;
				ASSETCATALOG_COMPILER_INCLUDE_ALL_APPICON_ASSETS = NO;
				CODE_SIGN_ENTITLEMENTS = Keyb/Resources/Keyb.entitlements;
				CODE_SIGN_IDENTITY = "Mac Developer";
				CODE_SIGN_STYLE = Automatic;
				COMBINE_HIDPI_IMAGES = YES;
				CURRENT_PROJECT_VERSION = "${KEYB_BUILD_NUMBER}";
				DEAD_CODE_STRIPPING = YES;
				DEVELOPMENT_TEAM = 2KJHM26Y46;
				ENABLE_HARDENED_RUNTIME = YES;
				INFOPLIST_FILE = Keyb/Resources/Info.plist;
				LD_RUNPATH_SEARCH_PATHS = (
					"$(inherited)",
					"@executable_path/../Frameworks",
				);
				MARKETING_VERSION = "${KEYB_VERSION_NUMBER}";
				PRODUCT_BUNDLE_IDENTIFIER = com.zeveisenberg.Keyb;
				PRODUCT_NAME = "$(TARGET_NAME)";
				PROVISIONING_PROFILE_SPECIFIER = "";
			};
			name = Release;
		};
/* End XCBuildConfiguration section */

/* Begin XCConfigurationList section */
		CD3978A924AD1FE100BFCB0D /* Build configuration list for PBXProject "Keyb" */ = {
			isa = XCConfigurationList;
			buildConfigurations = (
				CD3978BC24AD1FE100BFCB0D /* Debug */,
				CD3978BD24AD1FE100BFCB0D /* Release */,
			);
			defaultConfigurationIsVisible = 0;
			defaultConfigurationName = Release;
		};
		CD3978BE24AD1FE100BFCB0D /* Build configuration list for PBXNativeTarget "Keyb" */ = {
			isa = XCConfigurationList;
			buildConfigurations = (
				CD3978BF24AD1FE100BFCB0D /* Debug */,
				CD3978C024AD1FE100BFCB0D /* Release */,
			);
			defaultConfigurationIsVisible = 0;
			defaultConfigurationName = Release;
		};
/* End XCConfigurationList section */

/* Begin XCSwiftPackageProductDependency section */
		7A1705C526E45DCE0009643F /* EventHandlerClientLive */ = {
			isa = XCSwiftPackageProductDependency;
			productName = EventHandlerClientLive;
		};
		7AB2E51726E456250044665E /* UserInterface */ = {
			isa = XCSwiftPackageProductDependency;
			productName = UserInterface;
		};
		7AB2E51926E457C50044665E /* AccessibilityClientLive */ = {
			isa = XCSwiftPackageProductDependency;
			productName = AccessibilityClientLive;
		};
/* End XCSwiftPackageProductDependency section */
	};
	rootObject = CD3978A624AD1FE100BFCB0D /* Project object */;
}
